<?xml version="1.0" encoding="utf-8"?>
<Project ToolsVersion="4.0" xmlns="http://schemas.microsoft.com/developer/msbuild/2003">
  <ItemGroup>
    <Filter Include="Source Files">
      <UniqueIdentifier>{4FC737F1-C7A5-4376-A066-2A32D752A2FF}</UniqueIdentifier>
      <Extensions>cpp;c;cc;cxx;def;odl;idl;hpj;bat;asm;asmx</Extensions>
    </Filter>
    <Filter Include="Header Files">
      <UniqueIdentifier>{93995380-89BD-4b04-88EB-625FBE52EBFB}</UniqueIdentifier>
      <Extensions>h;hh;hpp;hxx;hm;inl;inc;xsd</Extensions>
    </Filter>
    <Filter Include="Resource Files">
      <UniqueIdentifier>{67DA6AB6-F800-4c08-8B7A-83BB121AAD01}</UniqueIdentifier>
      <Extensions>rc;ico;cur;bmp;dlg;rc2;rct;bin;rgs;gif;jpg;jpeg;jpe;resx;tiff;tif;png;wav;mfcribbon-ms</Extensions>
    </Filter>
  </ItemGroup>
  <ItemGroup>
    <Text Include="ReadMe.txt" />
  </ItemGroup>
  <ItemGroup>
    <ClInclude Include="stdafx.h">
      <Filter>Header Files</Filter>
    </ClInclude>
    <ClInclude Include="targetver.h">
      <Filter>Header Files</Filter>
    </ClInclude>
    <ClInclude Include="MainFrm.h">
      <Filter>Header Files</Filter>
    </ClInclude>
    <ClInclude Include="Resource.h">
      <Filter>Header Files</Filter>
    </ClInclude>
    <ClInclude Include="MO Commons\font.h">
      <Filter>Header Files</Filter>
    </ClInclude>
    <ClInclude Include="MO Commons\map.h">
      <Filter>Header Files</Filter>
    </ClInclude>
    <ClInclude Include="MO Commons\MapHelper.h">
      <Filter>Header Files</Filter>
    </ClInclude>
    <ClInclude Include="MO Commons\MapObjects2.h">
      <Filter>Header Files</Filter>
    </ClInclude>
    <ClInclude Include="MO Commons\moaddresslocation.h">
      <Filter>Header Files</Filter>
    </ClInclude>
    <ClInclude Include="MO Commons\mochartrenderer.h">
      <Filter>Header Files</Filter>
    </ClInclude>
    <ClInclude Include="MO Commons\moclassbreaksrenderer.h">
      <Filter>Header Files</Filter>
    </ClInclude>
    <ClInclude Include="MO Commons\modataconnection.h">
      <Filter>Header Files</Filter>
    </ClInclude>
    <ClInclude Include="MO Commons\modatum.h">
      <Filter>Header Files</Filter>
    </ClInclude>
    <ClInclude Include="MO Commons\modotdensityrenderer.h">
      <Filter>Header Files</Filter>
    </ClInclude>
    <ClInclude Include="MO Commons\moellipse.h">
      <Filter>Header Files</Filter>
    </ClInclude>
    <ClInclude Include="MO Commons\moeventrenderer.h">
      <Filter>Header Files</Filter>
    </ClInclude>
    <ClInclude Include="MO Commons\mofield.h">
      <Filter>Header Files</Filter>
    </ClInclude>
    <ClInclude Include="MO Commons\mofields.h">
      <Filter>Header Files</Filter>
    </ClInclude>
    <ClInclude Include="MO Commons\mogeocoder.h">
      <Filter>Header Files</Filter>
    </ClInclude>
    <ClInclude Include="MO Commons\mogeocoordsys.h">
      <Filter>Header Files</Filter>
    </ClInclude>
    <ClInclude Include="MO Commons\mogeodataset.h">
      <Filter>Header Files</Filter>
    </ClInclude>
    <ClInclude Include="MO Commons\mogeodatasets.h">
      <Filter>Header Files</Filter>
    </ClInclude>
    <ClInclude Include="MO Commons\mogeoevent.h">
      <Filter>Header Files</Filter>
    </ClInclude>
    <ClInclude Include="MO Commons\mogeotransformation.h">
      <Filter>Header Files</Filter>
    </ClInclude>
    <ClInclude Include="MO Commons\mogrouprenderer.h">
      <Filter>Header Files</Filter>
    </ClInclude>
    <ClInclude Include="MO Commons\moimagelayer.h">
      <Filter>Header Files</Filter>
    </ClInclude>
    <ClInclude Include="MO Commons\molabelplacer.h">
      <Filter>Header Files</Filter>
    </ClInclude>
    <ClInclude Include="MO Commons\molabelrenderer.h">
      <Filter>Header Files</Filter>
    </ClInclude>
    <ClInclude Include="MO Commons\molayers.h">
      <Filter>Header Files</Filter>
    </ClInclude>
    <ClInclude Include="MO Commons\moline.h">
      <Filter>Header Files</Filter>
    </ClInclude>
    <ClInclude Include="MO Commons\momaplayer.h">
      <Filter>Header Files</Filter>
    </ClInclude>
    <ClInclude Include="MO Commons\moparts.h">
      <Filter>Header Files</Filter>
    </ClInclude>
    <ClInclude Include="MO Commons\moplacelocator.h">
      <Filter>Header Files</Filter>
    </ClInclude>
    <ClInclude Include="MO Commons\mopoint.h">
      <Filter>Header Files</Filter>
    </ClInclude>
    <ClInclude Include="MO Commons\mopoints.h">
      <Filter>Header Files</Filter>
    </ClInclude>
    <ClInclude Include="MO Commons\mopolygon.h">
      <Filter>Header Files</Filter>
    </ClInclude>
    <ClInclude Include="MO Commons\moprimemeridian.h">
      <Filter>Header Files</Filter>
    </ClInclude>
    <ClInclude Include="MO Commons\moprojcoordsys.h">
      <Filter>Header Files</Filter>
    </ClInclude>
    <ClInclude Include="MO Commons\moprojection.h">
      <Filter>Header Files</Filter>
    </ClInclude>
    <ClInclude Include="MO Commons\morecordset.h">
      <Filter>Header Files</Filter>
    </ClInclude>
    <ClInclude Include="MO Commons\morectangle.h">
      <Filter>Header Files</Filter>
    </ClInclude>
    <ClInclude Include="MO Commons\mospheroid.h">
      <Filter>Header Files</Filter>
    </ClInclude>
    <ClInclude Include="MO Commons\mostandardizer.h">
      <Filter>Header Files</Filter>
    </ClInclude>
    <ClInclude Include="MO Commons\mostatistics.h">
      <Filter>Header Files</Filter>
    </ClInclude>
    <ClInclude Include="MO Commons\mostrings.h">
      <Filter>Header Files</Filter>
    </ClInclude>
    <ClInclude Include="MO Commons\mosymbol.h">
      <Filter>Header Files</Filter>
    </ClInclude>
    <ClInclude Include="MO Commons\motable.h">
      <Filter>Header Files</Filter>
    </ClInclude>
    <ClInclude Include="MO Commons\motabledesc.h">
      <Filter>Header Files</Filter>
    </ClInclude>
    <ClInclude Include="MO Commons\motextsymbol.h">
      <Filter>Header Files</Filter>
    </ClInclude>
    <ClInclude Include="MO Commons\motrackinglayer.h">
      <Filter>Header Files</Filter>
    </ClInclude>
    <ClInclude Include="MO Commons\mounit.h">
      <Filter>Header Files</Filter>
    </ClInclude>
    <ClInclude Include="MO Commons\movaluemaprenderer.h">
      <Filter>Header Files</Filter>
    </ClInclude>
    <ClInclude Include="MO Commons\mozrenderer.h">
      <Filter>Header Files</Filter>
    </ClInclude>
    <ClInclude Include="TRANS_SIMU_DOC.h">
      <Filter>Header Files</Filter>
    </ClInclude>
    <ClInclude Include="TRANS_SIMU_VIEW.h">
      <Filter>Header Files</Filter>
    </ClInclude>
    <ClInclude Include="TRANS_SIMU.h">
      <Filter>Header Files</Filter>
    </ClInclude>
    <ClInclude Include="MY_TRANS_SIMU.h">
      <Filter>Header Files</Filter>
    </ClInclude>
    <ClInclude Include="Option.h">
      <Filter>Header Files</Filter>
    </ClInclude>
  </ItemGroup>
  <ItemGroup>
    <ClCompile Include="stdafx.cpp">
      <Filter>Source Files</Filter>
    </ClCompile>
    <ClCompile Include="MainFrm.cpp">
      <Filter>Source Files</Filter>
    </ClCompile>
    <ClCompile Include="MO Commons\font.cpp">
      <Filter>Source Files</Filter>
    </ClCompile>
    <ClCompile Include="MO Commons\map.cpp">
      <Filter>Source Files</Filter>
    </ClCompile>
    <ClCompile Include="MO Commons\MapHelper.cpp">
      <Filter>Source Files</Filter>
    </ClCompile>
    <ClCompile Include="MO Commons\moaddresslocation.cpp">
      <Filter>Source Files</Filter>
    </ClCompile>
    <ClCompile Include="MO Commons\mochartrenderer.cpp">
      <Filter>Source Files</Filter>
    </ClCompile>
    <ClCompile Include="MO Commons\moclassbreaksrenderer.cpp">
      <Filter>Source Files</Filter>
    </ClCompile>
    <ClCompile Include="MO Commons\modataconnection.cpp">
      <Filter>Source Files</Filter>
    </ClCompile>
    <ClCompile Include="MO Commons\modatum.cpp">
      <Filter>Source Files</Filter>
    </ClCompile>
    <ClCompile Include="MO Commons\modotdensityrenderer.cpp">
      <Filter>Source Files</Filter>
    </ClCompile>
    <ClCompile Include="MO Commons\moellipse.cpp">
      <Filter>Source Files</Filter>
    </ClCompile>
    <ClCompile Include="MO Commons\moeventrenderer.cpp">
      <Filter>Source Files</Filter>
    </ClCompile>
    <ClCompile Include="MO Commons\mofield.cpp">
      <Filter>Source Files</Filter>
    </ClCompile>
    <ClCompile Include="MO Commons\mofields.cpp">
      <Filter>Source Files</Filter>
    </ClCompile>
    <ClCompile Include="MO Commons\mogeocoder.cpp">
      <Filter>Source Files</Filter>
    </ClCompile>
    <ClCompile Include="MO Commons\mogeocoordsys.cpp">
      <Filter>Source Files</Filter>
    </ClCompile>
    <ClCompile Include="MO Commons\mogeodataset.cpp">
      <Filter>Source Files</Filter>
    </ClCompile>
    <ClCompile Include="MO Commons\mogeodatasets.cpp">
      <Filter>Source Files</Filter>
    </ClCompile>
    <ClCompile Include="MO Commons\mogeoevent.cpp">
      <Filter>Source Files</Filter>
    </ClCompile>
    <ClCompile Include="MO Commons\mogeotransformation.cpp">
      <Filter>Source Files</Filter>
    </ClCompile>
    <ClCompile Include="MO Commons\mogrouprenderer.cpp">
      <Filter>Source Files</Filter>
    </ClCompile>
    <ClCompile Include="MO Commons\moimagelayer.cpp">
      <Filter>Source Files</Filter>
    </ClCompile>
    <ClCompile Include="MO Commons\molabelplacer.cpp">
      <Filter>Source Files</Filter>
    </ClCompile>
    <ClCompile Include="MO Commons\molabelrenderer.cpp">
      <Filter>Source Files</Filter>
    </ClCompile>
    <ClCompile Include="MO Commons\molayers.cpp">
      <Filter>Source Files</Filter>
    </ClCompile>
    <ClCompile Include="MO Commons\moline.cpp">
      <Filter>Source Files</Filter>
    </ClCompile>
    <ClCompile Include="MO Commons\momaplayer.cpp">
      <Filter>Source Files</Filter>
    </ClCompile>
    <ClCompile Include="MO Commons\moparts.cpp">
      <Filter>Source Files</Filter>
    </ClCompile>
    <ClCompile Include="MO Commons\moplacelocator.cpp">
      <Filter>Source Files</Filter>
    </ClCompile>
    <ClCompile Include="MO Commons\mopoint.cpp">
      <Filter>Source Files</Filter>
    </ClCompile>
    <ClCompile Include="MO Commons\mopoints.cpp">
      <Filter>Source Files</Filter>
    </ClCompile>
    <ClCompile Include="MO Commons\mopolygon.cpp">
      <Filter>Source Files</Filter>
    </ClCompile>
    <ClCompile Include="MO Commons\moprimemeridian.cpp">
      <Filter>Source Files</Filter>
    </ClCompile>
    <ClCompile Include="MO Commons\moprojcoordsys.cpp">
      <Filter>Source Files</Filter>
    </ClCompile>
    <ClCompile Include="MO Commons\moprojection.cpp">
      <Filter>Source Files</Filter>
    </ClCompile>
    <ClCompile Include="MO Commons\morecordset.cpp">
      <Filter>Source Files</Filter>
    </ClCompile>
    <ClCompile Include="MO Commons\morectangle.cpp">
      <Filter>Source Files</Filter>
    </ClCompile>
    <ClCompile Include="MO Commons\mospheroid.cpp">
      <Filter>Source Files</Filter>
    </ClCompile>
    <ClCompile Include="MO Commons\mostandardizer.cpp">
      <Filter>Source Files</Filter>
    </ClCompile>
    <ClCompile Include="MO Commons\mostatistics.cpp">
      <Filter>Source Files</Filter>
    </ClCompile>
    <ClCompile Include="MO Commons\mostrings.cpp">
      <Filter>Source Files</Filter>
    </ClCompile>
    <ClCompile Include="MO Commons\mosymbol.cpp">
      <Filter>Source Files</Filter>
    </ClCompile>
    <ClCompile Include="MO Commons\motable.cpp">
      <Filter>Source Files</Filter>
    </ClCompile>
    <ClCompile Include="MO Commons\motabledesc.cpp">
      <Filter>Source Files</Filter>
    </ClCompile>
    <ClCompile Include="MO Commons\motextsymbol.cpp">
      <Filter>Source Files</Filter>
    </ClCompile>
    <ClCompile Include="MO Commons\motrackinglayer.cpp">
      <Filter>Source Files</Filter>
    </ClCompile>
    <ClCompile Include="MO Commons\mounit.cpp">
      <Filter>Source Files</Filter>
    </ClCompile>
    <ClCompile Include="MO Commons\movaluemaprenderer.cpp">
      <Filter>Source Files</Filter>
    </ClCompile>
    <ClCompile Include="MO Commons\mozrenderer.cpp">
      <Filter>Source Files</Filter>
    </ClCompile>
    <ClCompile Include="TRANS_SIMU_DOC.cpp">
      <Filter>Source Files</Filter>
    </ClCompile>
    <ClCompile Include="TRANS_SIMU_VIEW.cpp">
      <Filter>Source Files</Filter>
    </ClCompile>
    <ClCompile Include="TRANS_SIMU.cpp">
      <Filter>Source Files</Filter>
    </ClCompile>
    <ClCompile Include="Option.cpp">
      <Filter>Source Files</Filter>
    </ClCompile>
  </ItemGroup>
  <ItemGroup>
    <ResourceCompile Include="VS2013_MO_DEMO.rc">
      <Filter>Resource Files</Filter>
    </ResourceCompile>
  </ItemGroup>
  <ItemGroup>
    <None Include="res\VS2013_MO_DEMO.rc2">
      <Filter>Resource Files</Filter>
    </None>
  </ItemGroup>
  <ItemGroup>
    <Image Include="res\VS2013_MO_DEMODoc.ico">
      <Filter>Resource Files</Filter>
    </Image>
    <Image Include="res\VS2013_MO_DEMO.ico">
      <Filter>Resource Files</Filter>
    </Image>
    <Image Include="res\Toolbar.bmp">
      <Filter>Resource Files</Filter>
    </Image>
    <Image Include="res\full extent.bmp">
      <Filter>Resource Files</Filter>
    </Image>
    <Image Include="res\pan.bmp">
      <Filter>Resource Files</Filter>
    </Image>
    <Image Include="res\zoom in.bmp">
      <Filter>Resource Files</Filter>
    </Image>
    <Image Include="res\zoom out.bmp">
      <Filter>Resource Files</Filter>
    </Image>
  </ItemGroup>
</Project>